
Microsoft Visual Studio Solution File, Format Version 12.00
# Visual Studio Version 16
VisualStudioVersion = 16.0.29728.190
MinimumVisualStudioVersion = 10.0.40219.1
Project("{9A19103F-16F7-4668-BE54-9A1E7A4F7556}") = "MarkSeemann.FizzBuzzKata", "MarkSeemann.FizzBuzzKata\MarkSeemann.FizzBuzzKata.csproj", "{8B7A054A-20FB-4E5C-9AE3-E7716FB10D5D}"
EndProject
Project("{9A19103F-16F7-4668-BE54-9A1E7A4F7556}") = "MarkSeemann.FizzBuzzKataTests", "MarkSeemann.FizzBuzzKataTests\MarkSeemann.FizzBuzzKataTests.csproj", "{88CBF30D-0CC2-4273-88D3-3DBC2DA93157}"
EndProject
Project("{2150E333-8FDC-42A3-9474-1A3956D46DE8}") = "Solution Items", "Solution Items", "{C05B8B39-8414-47A2-AECB-C829890C498C}"
	ProjectSection(SolutionItems) = preProject
		Spec.txt = Spec.txt
	EndProjectSection
EndProject
Global
	GlobalSection(SolutionConfigurationPlatforms) = preSolution
		Debug|Any CPU = Debug|Any CPU
		Release|Any CPU = Release|Any CPU
	EndGlobalSection
	GlobalSection(ProjectConfigurationPlatforms) = postSolution
		{8B7A054A-20FB-4E5C-9AE3-E7716FB10D5D}.Debug|Any CPU.ActiveCfg = Debug|Any CPU
		{8B7A054A-20FB-4E5C-9AE3-E7716FB10D5D}.Debug|Any CPU.Build.0 = Debug|Any CPU
		{8B7A054A-20FB-4E5C-9AE3-E7716FB10D5D}.Release|Any CPU.ActiveCfg = Release|Any CPU
		{8B7A054A-20FB-4E5C-9AE3-E7716FB10D5D}.Release|Any CPU.Build.0 = Release|Any CPU
		{88CBF30D-0CC2-4273-88D3-3DBC2DA93157}.Debug|Any CPU.ActiveCfg = Debug|Any CPU
		{88CBF30D-0CC2-4273-88D3-3DBC2DA93157}.Debug|Any CPU.Build.0 = Debug|Any CPU
		{88CBF30D-0CC2-4273-88D3-3DBC2DA93157}.Release|Any CPU.ActiveCfg = Release|Any CPU
		{88CBF30D-0CC2-4273-88D3-3DBC2DA93157}.Release|Any CPU.Build.0 = Release|Any CPU
	EndGlobalSection
	GlobalSection(SolutionProperties) = preSolution
		HideSolutionNode = FALSE
	EndGlobalSection
	GlobalSection(ExtensibilityGlobals) = postSolution
		SolutionGuid = {A2885128-7488-4E2B-A5DF-701C2764F7B5}
	EndGlobalSection
EndGlobal
